
Microsoft Visual Studio Solution File, Format Version 12.00
# Visual Studio Version 17
VisualStudioVersion = 17.8.34330.188
MinimumVisualStudioVersion = 10.0.40219.1
Project("{9A19103F-16F7-4668-BE54-9A1E7A4F7556}") = "Rhenus Special Delivery", "Rhenus Special Delivery\Rhenus Special Delivery.csproj", "{EF43D6E0-AFFF-43C7-83E7-F28F7B22D97A}"
EndProject
Global
	GlobalSection(SolutionConfigurationPlatforms) = preSolution
		Debug|Any CPU = Debug|Any CPU
		Release|Any CPU = Release|Any CPU
	EndGlobalSection
	GlobalSection(ProjectConfigurationPlatforms) = postSolution
		{EF43D6E0-AFFF-43C7-83E7-F28F7B22D97A}.Debug|Any CPU.ActiveCfg = Debug|Any CPU
		{EF43D6E0-AFFF-43C7-83E7-F28F7B22D97A}.Debug|Any CPU.Build.0 = Debug|Any CPU
		{EF43D6E0-AFFF-43C7-83E7-F28F7B22D97A}.Release|Any CPU.ActiveCfg = Release|Any CPU
		{EF43D6E0-AFFF-43C7-83E7-F28F7B22D97A}.Release|Any CPU.Build.0 = Release|Any CPU
	EndGlobalSection
	GlobalSection(SolutionProperties) = preSolution
		HideSolutionNode = FALSE
	EndGlobalSection
	GlobalSection(ExtensibilityGlobals) = postSolution
		SolutionGuid = {837C1B15-CD08-4DCA-B686-C158DEBDD15E}
	EndGlobalSection
EndGlobal
